
Microsoft Visual Studio Solution File, Format Version 12.00
# Visual Studio 14
VisualStudioVersion = 14.0.25420.1
MinimumVisualStudioVersion = 10.0.40219.1
Project("{FAE04EC0-301F-11D3-BF4B-00C04F79EFBC}") = "ISchool.Server", "ISchool.Server\ISchool.Server.csproj", "{60BCC18A-D88E-459F-88E1-F80BF4F3CDF5}"
EndProject
Project("{FAE04EC0-301F-11D3-BF4B-00C04F79EFBC}") = "ISchool.Model", "ISchool.Model\ISchool.Model.csproj", "{187C45AD-B5D7-4036-8A81-9C0849531F20}"
EndProject
Project("{FAE04EC0-301F-11D3-BF4B-00C04F79EFBC}") = "ISchool.Admin", "ISchool.Admin\ISchool.Admin.csproj", "{AB606373-66AD-4ED3-91D0-857FB296F4EA}"
EndProject
Project("{FAE04EC0-301F-11D3-BF4B-00C04F79EFBC}") = "ISchool.Teacher", "ISchool.Teacher\ISchool.Teacher.csproj", "{FB76E585-59A7-494F-8DA0-8D10D8A62AA0}"
EndProject
Project("{FAE04EC0-301F-11D3-BF4B-00C04F79EFBC}") = "ISchool.ExcelAlgorithm", "ISchool.ExcelAlgorithm\ISchool.ExcelAlgorithm.csproj", "{8E23F0E3-81EB-4571-B7E6-5A8E08C32D97}"
EndProject
Global
	GlobalSection(SolutionConfigurationPlatforms) = preSolution
		Debug|Any CPU = Debug|Any CPU
		Release|Any CPU = Release|Any CPU
	EndGlobalSection
	GlobalSection(ProjectConfigurationPlatforms) = postSolution
		{60BCC18A-D88E-459F-88E1-F80BF4F3CDF5}.Debug|Any CPU.ActiveCfg = Debug|Any CPU
		{60BCC18A-D88E-459F-88E1-F80BF4F3CDF5}.Debug|Any CPU.Build.0 = Debug|Any CPU
		{60BCC18A-D88E-459F-88E1-F80BF4F3CDF5}.Release|Any CPU.ActiveCfg = Release|Any CPU
		{60BCC18A-D88E-459F-88E1-F80BF4F3CDF5}.Release|Any CPU.Build.0 = Release|Any CPU
		{187C45AD-B5D7-4036-8A81-9C0849531F20}.Debug|Any CPU.ActiveCfg = Debug|Any CPU
		{187C45AD-B5D7-4036-8A81-9C0849531F20}.Debug|Any CPU.Build.0 = Debug|Any CPU
		{187C45AD-B5D7-4036-8A81-9C0849531F20}.Release|Any CPU.ActiveCfg = Release|Any CPU
		{187C45AD-B5D7-4036-8A81-9C0849531F20}.Release|Any CPU.Build.0 = Release|Any CPU
		{AB606373-66AD-4ED3-91D0-857FB296F4EA}.Debug|Any CPU.ActiveCfg = Debug|Any CPU
		{AB606373-66AD-4ED3-91D0-857FB296F4EA}.Debug|Any CPU.Build.0 = Debug|Any CPU
		{AB606373-66AD-4ED3-91D0-857FB296F4EA}.Release|Any CPU.ActiveCfg = Release|Any CPU
		{AB606373-66AD-4ED3-91D0-857FB296F4EA}.Release|Any CPU.Build.0 = Release|Any CPU
		{FB76E585-59A7-494F-8DA0-8D10D8A62AA0}.Debug|Any CPU.ActiveCfg = Debug|Any CPU
		{FB76E585-59A7-494F-8DA0-8D10D8A62AA0}.Debug|Any CPU.Build.0 = Debug|Any CPU
		{FB76E585-59A7-494F-8DA0-8D10D8A62AA0}.Release|Any CPU.ActiveCfg = Release|Any CPU
		{FB76E585-59A7-494F-8DA0-8D10D8A62AA0}.Release|Any CPU.Build.0 = Release|Any CPU
		{8E23F0E3-81EB-4571-B7E6-5A8E08C32D97}.Debug|Any CPU.ActiveCfg = Debug|Any CPU
		{8E23F0E3-81EB-4571-B7E6-5A8E08C32D97}.Debug|Any CPU.Build.0 = Debug|Any CPU
		{8E23F0E3-81EB-4571-B7E6-5A8E08C32D97}.Release|Any CPU.ActiveCfg = Release|Any CPU
		{8E23F0E3-81EB-4571-B7E6-5A8E08C32D97}.Release|Any CPU.Build.0 = Release|Any CPU
	EndGlobalSection
	GlobalSection(SolutionProperties) = preSolution
		HideSolutionNode = FALSE
	EndGlobalSection
EndGlobal
